
Microsoft Visual Studio Solution File, Format Version 12.00
# Visual Studio Version 17
VisualStudioVersion = 17.14.36915.13
MinimumVisualStudioVersion = 10.0.40219.1
Project("{FAE04EC0-301F-11D3-BF4B-00C04F79EFBC}") = "FlowerShop.API", "FlowerShop.API.csproj", "{8189DF16-6C6A-4433-BA72-AE45DDD49A96}"
EndProject
Project("{FAE04EC0-301F-11D3-BF4B-00C04F79EFBC}") = "FlowerShop.Frontend", "..\FlowerShop.Frontend\FlowerShop.Frontend.csproj", "{7C897D5D-EE95-48A4-AFAF-3A79692B192E}"
EndProject
Global
	GlobalSection(SolutionConfigurationPlatforms) = preSolution
		Debug|Any CPU = Debug|Any CPU
		Release|Any CPU = Release|Any CPU
	EndGlobalSection
	GlobalSection(ProjectConfigurationPlatforms) = postSolution
		{8189DF16-6C6A-4433-BA72-AE45DDD49A96}.Debug|Any CPU.ActiveCfg = Debug|Any CPU
		{8189DF16-6C6A-4433-BA72-AE45DDD49A96}.Debug|Any CPU.Build.0 = Debug|Any CPU
		{8189DF16-6C6A-4433-BA72-AE45DDD49A96}.Release|Any CPU.ActiveCfg = Release|Any CPU
		{8189DF16-6C6A-4433-BA72-AE45DDD49A96}.Release|Any CPU.Build.0 = Release|Any CPU
		{7C897D5D-EE95-48A4-AFAF-3A79692B192E}.Debug|Any CPU.ActiveCfg = Debug|Any CPU
		{7C897D5D-EE95-48A4-AFAF-3A79692B192E}.Debug|Any CPU.Build.0 = Debug|Any CPU
		{7C897D5D-EE95-48A4-AFAF-3A79692B192E}.Release|Any CPU.ActiveCfg = Release|Any CPU
		{7C897D5D-EE95-48A4-AFAF-3A79692B192E}.Release|Any CPU.Build.0 = Release|Any CPU
	EndGlobalSection
	GlobalSection(SolutionProperties) = preSolution
		HideSolutionNode = FALSE
	EndGlobalSection
	GlobalSection(ExtensibilityGlobals) = postSolution
		SolutionGuid = {69E1FA5E-63CD-4658-9922-9527AD28B486}
	EndGlobalSection
EndGlobal
